# This file is autogenerated, do not edit; changes may be undone by the next 'dep ensure'.


[[projects]]
  name = "github.com/NYTimes/gziphandler"
  packages = ["."]
  revision = "a88790d49798560db24af70fb6a10a66e2549a72"

[[projects]]
  name = "github.com/PuerkitoBio/goquery"
  packages = ["."]
  revision = "b4440419d81240f8451a505b2f806c853bc2befc"

[[projects]]
  name = "github.com/andybalholm/cascadia"
  packages = ["."]
  revision = "3ad29d1ad1c4f2023e355603324348cf1f4b2d48"

[[projects]]
  name = "github.com/golang/freetype"
  packages = [
    "raster",
    "truetype"
  ]
  revision = "f29eb116deb328d02ee5c573f02d442ca67d5532"

[[projects]]
  name = "github.com/golang/groupcache"
  packages = [
    ".",
    "consistenthash",
    "groupcachepb",
    "lru",
    "singleflight"
  ]
  revision = "4eab30f13db9d8b25c752e99d1583628ac2fa422"

[[projects]]
  name = "github.com/golang/protobuf"
  packages = ["proto"]
  revision = "8d92cf5fc15a4382f8964b08e1f42a75c0591aa3"

[[projects]]
  name = "golang.org/x/image"
  packages = [
    "bmp",
    "font",
    "math/fixed"
  ]
  revision = "2dc9880a10bbd310009571a348cc0d2e0b5bc4b2"

[[projects]]
  name = "golang.org/x/net"
  packages = [
    "html",
    "html/atom",
    "html/charset",
    "idna",
    "publicsuffix"
  ]
  revision = "66f0418ca41253f8d1a024eb9754e9441a8e79b9"

[[projects]]
  name = "golang.org/x/text"
  packages = [
    "cldr",
    "encoding",
    "encoding/charmap",
    "encoding/internal",
    "encoding/internal/identifier",
    "encoding/japanese",
    "encoding/korean",
    "encoding/simplifiedchinese",
    "encoding/traditionalchinese",
    "encoding/unicode",
    "internal/gen",
    "transform"
  ]
  revision = "723492b65e225eafcba054e76ba18bb9c5ac1ea2"

[solve-meta]
  analyzer-name = "dep"
  analyzer-version = 1
  inputs-digest = "6fe643c625075478f18fe7a46a1a800e4316bab3d848cc1ffe5726944b7d68a4"
  solver-name = "gps-cdcl"
  solver-version = 1
